// !$*UTF8*$!
{
	archiveVersion = 1;
	classes = {
	};
	objectVersion = 46;
	objects = {

/* Begin PBXBuildFile section */
		8402B8FD1B6DBA100034E11C /* grassland1.jpg in Resources */ = {isa = PBXBuildFile; fileRef = 8402B8FC1B6DBA100034E11C /* grassland1.jpg */; };
		848E2E4D1B6C19200085A381 /* main.m in Sources */ = {isa = PBXBuildFile; fileRef = 848E2E4C1B6C19200085A381 /* main.m */; };
		848E2E501B6C19200085A381 /* AppDelegate.m in Sources */ = {isa = PBXBuildFile; fileRef = 848E2E4F1B6C19200085A381 /* AppDelegate.m */; };
		848E2E531B6C19200085A381 /* ViewController.m in Sources */ = {isa = PBXBuildFile; fileRef = 848E2E521B6C19200085A381 /* ViewController.m */; };
		848E2E561B6C19200085A381 /* Main.storyboard in Resources */ = {isa = PBXBuildFile; fileRef = 848E2E541B6C19200085A381 /* Main.storyboard */; };
		848E2E581B6C19200085A381 /* Images.xcassets in Resources */ = {isa = PBXBuildFile; fileRef = 848E2E571B6C19200085A381 /* Images.xcassets */; };
		848E2E5B1B6C19200085A381 /* LaunchScreen.xib in Resources */ = {isa = PBXBuildFile; fileRef = 848E2E591B6C19200085A381 /* LaunchScreen.xib */; };
		848E2E671B6C19200085A381 /* CodeCamp1_TaTruhoadaTests.m in Sources */ = {isa = PBXBuildFile; fileRef = 848E2E661B6C19200085A381 /* CodeCamp1_TaTruhoadaTests.m */; };
		848E2E771B6C19640085A381 /* cow0.png in Resources */ = {isa = PBXBuildFile; fileRef = 848E2E711B6C19640085A381 /* cow0.png */; };
		848E2E781B6C19640085A381 /* cow1.png in Resources */ = {isa = PBXBuildFile; fileRef = 848E2E721B6C19640085A381 /* cow1.png */; };
		848E2E791B6C19640085A381 /* cow2.png in Resources */ = {isa = PBXBuildFile; fileRef = 848E2E731B6C19640085A381 /* cow2.png */; };
		848E2E7A1B6C19640085A381 /* cow3.png in Resources */ = {isa = PBXBuildFile; fileRef = 848E2E741B6C19640085A381 /* cow3.png */; };
		848E2E7B1B6C19640085A381 /* cow4.png in Resources */ = {isa = PBXBuildFile; fileRef = 848E2E751B6C19640085A381 /* cow4.png */; };
		848E2E7C1B6C19640085A381 /* cow5.png in Resources */ = {isa = PBXBuildFile; fileRef = 848E2E761B6C19640085A381 /* cow5.png */; };
		848E2E7E1B6C21650085A381 /* cowAudio.mp3 in Resources */ = {isa = PBXBuildFile; fileRef = 848E2E7D1B6C21650085A381 /* cowAudio.mp3 */; };
		848E2E801B6C22230085A381 /* AVFoundation.framework in Frameworks */ = {isa = PBXBuildFile; fileRef = 848E2E7F1B6C22230085A381 /* AVFoundation.framework */; };
		84B5DD911B6D28E4008B7754 /* sun0.png in Resources */ = {isa = PBXBuildFile; fileRef = 84B5DD891B6D28E4008B7754 /* sun0.png */; };
		84B5DD921B6D28E4008B7754 /* sun1.png in Resources */ = {isa = PBXBuildFile; fileRef = 84B5DD8A1B6D28E4008B7754 /* sun1.png */; };
		84B5DD931B6D28E4008B7754 /* sun2.png in Resources */ = {isa = PBXBuildFile; fileRef = 84B5DD8B1B6D28E4008B7754 /* sun2.png */; };
		84B5DD941B6D28E4008B7754 /* sun3.png in Resources */ = {isa = PBXBuildFile; fileRef = 84B5DD8C1B6D28E4008B7754 /* sun3.png */; };
		84B5DD951B6D28E4008B7754 /* sun4.png in Resources */ = {isa = PBXBuildFile; fileRef = 84B5DD8D1B6D28E4008B7754 /* sun4.png */; };
		84B5DD961B6D28E4008B7754 /* sun5.png in Resources */ = {isa = PBXBuildFile; fileRef = 84B5DD8E1B6D28E4008B7754 /* sun5.png */; };
		84B5DD971B6D28E4008B7754 /* sun6.png in Resources */ = {isa = PBXBuildFile; fileRef = 84B5DD8F1B6D28E4008B7754 /* sun6.png */; };
		84B5DD981B6D28E4008B7754 /* sun7.png in Resources */ = {isa = PBXBuildFile; fileRef = 84B5DD901B6D28E4008B7754 /* sun7.png */; };
		84B5DD9A1B6D28F5008B7754 /* createCloud.png in Resources */ = {isa = PBXBuildFile; fileRef = 84B5DD991B6D28F5008B7754 /* createCloud.png */; };
		84B5DDA31B6D292C008B7754 /* windmillsbig0.png in Resources */ = {isa = PBXBuildFile; fileRef = 84B5DD9B1B6D292C008B7754 /* windmillsbig0.png */; };
		84B5DDA41B6D292C008B7754 /* windmillsbig1.png in Resources */ = {isa = PBXBuildFile; fileRef = 84B5DD9C1B6D292C008B7754 /* windmillsbig1.png */; };
		84B5DDA51B6D292C008B7754 /* windmillsbig2.png in Resources */ = {isa = PBXBuildFile; fileRef = 84B5DD9D1B6D292C008B7754 /* windmillsbig2.png */; };
		84B5DDA61B6D292C008B7754 /* windmillsbig3.png in Resources */ = {isa = PBXBuildFile; fileRef = 84B5DD9E1B6D292C008B7754 /* windmillsbig3.png */; };
		84B5DDA71B6D292C008B7754 /* windmillsbig4.png in Resources */ = {isa = PBXBuildFile; fileRef = 84B5DD9F1B6D292C008B7754 /* windmillsbig4.png */; };
		84B5DDA81B6D292C008B7754 /* windmillsbig5.png in Resources */ = {isa = PBXBuildFile; fileRef = 84B5DDA01B6D292C008B7754 /* windmillsbig5.png */; };
		84B5DDA91B6D292C008B7754 /* windmillsbig6.png in Resources */ = {isa = PBXBuildFile; fileRef = 84B5DDA11B6D292C008B7754 /* windmillsbig6.png */; };
		84B5DDAA1B6D292C008B7754 /* windmillsbig7.png in Resources */ = {isa = PBXBuildFile; fileRef = 84B5DDA21B6D292C008B7754 /* windmillsbig7.png */; };
		84B5DDB31B6D294D008B7754 /* windmills10.png in Resources */ = {isa = PBXBuildFile; fileRef = 84B5DDAB1B6D294D008B7754 /* windmills10.png */; };
		84B5DDB41B6D294D008B7754 /* windmills11.png in Resources */ = {isa = PBXBuildFile; fileRef = 84B5DDAC1B6D294D008B7754 /* windmills11.png */; };
		84B5DDB51B6D294D008B7754 /* windmills12.png in Resources */ = {isa = PBXBuildFile; fileRef = 84B5DDAD1B6D294D008B7754 /* windmills12.png */; };
		84B5DDB61B6D294D008B7754 /* windmills13.png in Resources */ = {isa = PBXBuildFile; fileRef = 84B5DDAE1B6D294D008B7754 /* windmills13.png */; };
		84B5DDB71B6D294D008B7754 /* windmills14.png in Resources */ = {isa = PBXBuildFile; fileRef = 84B5DDAF1B6D294D008B7754 /* windmills14.png */; };
		84B5DDB81B6D294D008B7754 /* windmills15.png in Resources */ = {isa = PBXBuildFile; fileRef = 84B5DDB01B6D294D008B7754 /* windmills15.png */; };
		84B5DDB91B6D294D008B7754 /* windmills16.png in Resources */ = {isa = PBXBuildFile; fileRef = 84B5DDB11B6D294D008B7754 /* windmills16.png */; };
		84B5DDBA1B6D294D008B7754 /* windmills17.png in Resources */ = {isa = PBXBuildFile; fileRef = 84B5DDB21B6D294D008B7754 /* windmills17.png */; };
		84B5DDC31B6D2964008B7754 /* dutchLady0.png in Resources */ = {isa = PBXBuildFile; fileRef = 84B5DDBB1B6D2964008B7754 /* dutchLady0.png */; };
		84B5DDC41B6D2964008B7754 /* dutchLady1.png in Resources */ = {isa = PBXBuildFile; fileRef = 84B5DDBC1B6D2964008B7754 /* dutchLady1.png */; };
		84B5DDC51B6D2964008B7754 /* dutchLady2.png in Resources */ = {isa = PBXBuildFile; fileRef = 84B5DDBD1B6D2964008B7754 /* dutchLady2.png */; };
		84B5DDC61B6D2964008B7754 /* dutchLady3.png in Resources */ = {isa = PBXBuildFile; fileRef = 84B5DDBE1B6D2964008B7754 /* dutchLady3.png */; };
		84B5DDC71B6D2964008B7754 /* dutchLady4.png in Resources */ = {isa = PBXBuildFile; fileRef = 84B5DDBF1B6D2964008B7754 /* dutchLady4.png */; };
		84B5DDC81B6D2964008B7754 /* dutchLady5.png in Resources */ = {isa = PBXBuildFile; fileRef = 84B5DDC01B6D2964008B7754 /* dutchLady5.png */; };
		84B5DDC91B6D2964008B7754 /* dutchLady6.png in Resources */ = {isa = PBXBuildFile; fileRef = 84B5DDC11B6D2964008B7754 /* dutchLady6.png */; };
		84B5DDCA1B6D2964008B7754 /* dutchLady7.png in Resources */ = {isa = PBXBuildFile; fileRef = 84B5DDC21B6D2964008B7754 /* dutchLady7.png */; };
		84B5DDD31B6D34E4008B7754 /* dutchLady10.png in Resources */ = {isa = PBXBuildFile; fileRef = 84B5DDCB1B6D34E4008B7754 /* dutchLady10.png */; };
		84B5DDD41B6D34E4008B7754 /* dutchLady11.png in Resources */ = {isa = PBXBuildFile; fileRef = 84B5DDCC1B6D34E4008B7754 /* dutchLady11.png */; };
		84B5DDD51B6D34E4008B7754 /* dutchLady12.png in Resources */ = {isa = PBXBuildFile; fileRef = 84B5DDCD1B6D34E4008B7754 /* dutchLady12.png */; };
		84B5DDD61B6D34E4008B7754 /* dutchLady13.png in Resources */ = {isa = PBXBuildFile; fileRef = 84B5DDCE1B6D34E4008B7754 /* dutchLady13.png */; };
		84B5DDD71B6D34E4008B7754 /* dutchLady14.png in Resources */ = {isa = PBXBuildFile; fileRef = 84B5DDCF1B6D34E4008B7754 /* dutchLady14.png */; };
		84B5DDD81B6D34E4008B7754 /* dutchLady15.png in Resources */ = {isa = PBXBuildFile; fileRef = 84B5DDD01B6D34E4008B7754 /* dutchLady15.png */; };
		84B5DDD91B6D34E4008B7754 /* dutchLady16.png in Resources */ = {isa = PBXBuildFile; fileRef = 84B5DDD11B6D34E4008B7754 /* dutchLady16.png */; };
		84B5DDDA1B6D34E4008B7754 /* dutchLady17.png in Resources */ = {isa = PBXBuildFile; fileRef = 84B5DDD21B6D34E4008B7754 /* dutchLady17.png */; };
		84B5DDDD1B6D4D90008B7754 /* createCloudBlack.png in Resources */ = {isa = PBXBuildFile; fileRef = 84B5DDDB1B6D4D90008B7754 /* createCloudBlack.png */; };
		84B5DDDE1B6D4D90008B7754 /* createCloudWhite.png in Resources */ = {isa = PBXBuildFile; fileRef = 84B5DDDC1B6D4D90008B7754 /* createCloudWhite.png */; };
		84B5DDE01B6D5178008B7754 /* createCloudSuperBlack.png in Resources */ = {isa = PBXBuildFile; fileRef = 84B5DDDF1B6D5178008B7754 /* createCloudSuperBlack.png */; };
		84B5DDE81B6D588F008B7754 /* dutchLadySound0.mp3 in Resources */ = {isa = PBXBuildFile; fileRef = 84B5DDE31B6D588F008B7754 /* dutchLadySound0.mp3 */; };
		84B5DDE91B6D588F008B7754 /* dutchLadySound1.mp3 in Resources */ = {isa = PBXBuildFile; fileRef = 84B5DDE41B6D588F008B7754 /* dutchLadySound1.mp3 */; };
		84B5DDEA1B6D588F008B7754 /* dutchLadySound2.mp3 in Resources */ = {isa = PBXBuildFile; fileRef = 84B5DDE51B6D588F008B7754 /* dutchLadySound2.mp3 */; };
		84B5DDEB1B6D588F008B7754 /* dutchLadySound3.mp3 in Resources */ = {isa = PBXBuildFile; fileRef = 84B5DDE61B6D588F008B7754 /* dutchLadySound3.mp3 */; };
		84B5DDEC1B6D588F008B7754 /* dutchLadySoundWalking.mp3 in Resources */ = {isa = PBXBuildFile; fileRef = 84B5DDE71B6D588F008B7754 /* dutchLadySoundWalking.mp3 */; };
		84B5DDEE1B6D58EC008B7754 /* dutchLadySound4.mp3 in Resources */ = {isa = PBXBuildFile; fileRef = 84B5DDED1B6D58EC008B7754 /* dutchLadySound4.mp3 */; };
/* End PBXBuildFile section */

/* Begin PBXContainerItemProxy section */
		848E2E611B6C19200085A381 /* PBXContainerItemProxy */ = {
			isa = PBXContainerItemProxy;
			containerPortal = 848E2E3F1B6C19200085A381 /* Project object */;
			proxyType = 1;
			remoteGlobalIDString = 848E2E461B6C19200085A381;
			remoteInfo = CodeCamp1.TaTruhoada;
		};
/* End PBXContainerItemProxy section */

/* Begin PBXFileReference section */
		8402B8FC1B6DBA100034E11C /* grassland1.jpg */ = {isa = PBXFileReference; lastKnownFileType = image.jpeg; path = grassland1.jpg; sourceTree = "<group>"; };
		848E2E471B6C19200085A381 /* CodeCamp1.TaTruhoada.app */ = {isa = PBXFileReference; explicitFileType = wrapper.application; includeInIndex = 0; path = CodeCamp1.TaTruhoada.app; sourceTree = BUILT_PRODUCTS_DIR; };
		848E2E4B1B6C19200085A381 /* Info.plist */ = {isa = PBXFileReference; lastKnownFileType = text.plist.xml; path = Info.plist; sourceTree = "<group>"; };
		848E2E4C1B6C19200085A381 /* main.m */ = {isa = PBXFileReference; lastKnownFileType = sourcecode.c.objc; path = main.m; sourceTree = "<group>"; };
		848E2E4E1B6C19200085A381 /* AppDelegate.h */ = {isa = PBXFileReference; lastKnownFileType = sourcecode.c.h; path = AppDelegate.h; sourceTree = "<group>"; };
		848E2E4F1B6C19200085A381 /* AppDelegate.m */ = {isa = PBXFileReference; lastKnownFileType = sourcecode.c.objc; path = AppDelegate.m; sourceTree = "<group>"; };
		848E2E511B6C19200085A381 /* ViewController.h */ = {isa = PBXFileReference; lastKnownFileType = sourcecode.c.h; path = ViewController.h; sourceTree = "<group>"; };
		848E2E521B6C19200085A381 /* ViewController.m */ = {isa = PBXFileReference; lastKnownFileType = sourcecode.c.objc; path = ViewController.m; sourceTree = "<group>"; };
		848E2E551B6C19200085A381 /* Base */ = {isa = PBXFileReference; lastKnownFileType = file.storyboard; name = Base; path = Base.lproj/Main.storyboard; sourceTree = "<group>"; };
		848E2E571B6C19200085A381 /* Images.xcassets */ = {isa = PBXFileReference; lastKnownFileType = folder.assetcatalog; path = Images.xcassets; sourceTree = "<group>"; };
		848E2E5A1B6C19200085A381 /* Base */ = {isa = PBXFileReference; lastKnownFileType = file.xib; name = Base; path = Base.lproj/LaunchScreen.xib; sourceTree = "<group>"; };
		848E2E601B6C19200085A381 /* CodeCamp1.TaTruhoadaTests.xctest */ = {isa = PBXFileReference; explicitFileType = wrapper.cfbundle; includeInIndex = 0; path = CodeCamp1.TaTruhoadaTests.xctest; sourceTree = BUILT_PRODUCTS_DIR; };
		848E2E651B6C19200085A381 /* Info.plist */ = {isa = PBXFileReference; lastKnownFileType = text.plist.xml; path = Info.plist; sourceTree = "<group>"; };
		848E2E661B6C19200085A381 /* CodeCamp1_TaTruhoadaTests.m */ = {isa = PBXFileReference; lastKnownFileType = sourcecode.c.objc; path = CodeCamp1_TaTruhoadaTests.m; sourceTree = "<group>"; };
		848E2E711B6C19640085A381 /* cow0.png */ = {isa = PBXFileReference; lastKnownFileType = image.png; path = cow0.png; sourceTree = "<group>"; };
		848E2E721B6C19640085A381 /* cow1.png */ = {isa = PBXFileReference; lastKnownFileType = image.png; path = cow1.png; sourceTree = "<group>"; };
		848E2E731B6C19640085A381 /* cow2.png */ = {isa = PBXFileReference; lastKnownFileType = image.png; path = cow2.png; sourceTree = "<group>"; };
		848E2E741B6C19640085A381 /* cow3.png */ = {isa = PBXFileReference; lastKnownFileType = image.png; path = cow3.png; sourceTree = "<group>"; };
		848E2E751B6C19640085A381 /* cow4.png */ = {isa = PBXFileReference; lastKnownFileType = image.png; path = cow4.png; sourceTree = "<group>"; };
		848E2E761B6C19640085A381 /* cow5.png */ = {isa = PBXFileReference; lastKnownFileType = image.png; path = cow5.png; sourceTree = "<group>"; };
		848E2E7D1B6C21650085A381 /* cowAudio.mp3 */ = {isa = PBXFileReference; lastKnownFileType = audio.mp3; path = cowAudio.mp3; sourceTree = "<group>"; };
		848E2E7F1B6C22230085A381 /* AVFoundation.framework */ = {isa = PBXFileReference; lastKnownFileType = wrapper.framework; name = AVFoundation.framework; path = System/Library/Frameworks/AVFoundation.framework; sourceTree = SDKROOT; };
		84B5DD891B6D28E4008B7754 /* sun0.png */ = {isa = PBXFileReference; lastKnownFileType = image.png; path = sun0.png; sourceTree = "<group>"; };
		84B5DD8A1B6D28E4008B7754 /* sun1.png */ = {isa = PBXFileReference; lastKnownFileType = image.png; path = sun1.png; sourceTree = "<group>"; };
		84B5DD8B1B6D28E4008B7754 /* sun2.png */ = {isa = PBXFileReference; lastKnownFileType = image.png; path = sun2.png; sourceTree = "<group>"; };
		84B5DD8C1B6D28E4008B7754 /* sun3.png */ = {isa = PBXFileReference; lastKnownFileType = image.png; path = sun3.png; sourceTree = "<group>"; };
		84B5DD8D1B6D28E4008B7754 /* sun4.png */ = {isa = PBXFileReference; lastKnownFileType = image.png; path = sun4.png; sourceTree = "<group>"; };
		84B5DD8E1B6D28E4008B7754 /* sun5.png */ = {isa = PBXFileReference; lastKnownFileType = image.png; path = sun5.png; sourceTree = "<group>"; };
		84B5DD8F1B6D28E4008B7754 /* sun6.png */ = {isa = PBXFileReference; lastKnownFileType = image.png; path = sun6.png; sourceTree = "<group>"; };
		84B5DD901B6D28E4008B7754 /* sun7.png */ = {isa = PBXFileReference; lastKnownFileType = image.png; path = sun7.png; sourceTree = "<group>"; };
		84B5DD991B6D28F5008B7754 /* createCloud.png */ = {isa = PBXFileReference; lastKnownFileType = image.png; path = createCloud.png; sourceTree = "<group>"; };
		84B5DD9B1B6D292C008B7754 /* windmillsbig0.png */ = {isa = PBXFileReference; lastKnownFileType = image.png; path = windmillsbig0.png; sourceTree = "<group>"; };
		84B5DD9C1B6D292C008B7754 /* windmillsbig1.png */ = {isa = PBXFileReference; lastKnownFileType = image.png; path = windmillsbig1.png; sourceTree = "<group>"; };
		84B5DD9D1B6D292C008B7754 /* windmillsbig2.png */ = {isa = PBXFileReference; lastKnownFileType = image.png; path = windmillsbig2.png; sourceTree = "<group>"; };
		84B5DD9E1B6D292C008B7754 /* windmillsbig3.png */ = {isa = PBXFileReference; lastKnownFileType = image.png; path = windmillsbig3.png; sourceTree = "<group>"; };
		84B5DD9F1B6D292C008B7754 /* windmillsbig4.png */ = {isa = PBXFileReference; lastKnownFileType = image.png; path = windmillsbig4.png; sourceTree = "<group>"; };
		84B5DDA01B6D292C008B7754 /* windmillsbig5.png */ = {isa = PBXFileReference; lastKnownFileType = image.png; path = windmillsbig5.png; sourceTree = "<group>"; };
		84B5DDA11B6D292C008B7754 /* windmillsbig6.png */ = {isa = PBXFileReference; lastKnownFileType = image.png; path = windmillsbig6.png; sourceTree = "<group>"; };
		84B5DDA21B6D292C008B7754 /* windmillsbig7.png */ = {isa = PBXFileReference; lastKnownFileType = image.png; path = windmillsbig7.png; sourceTree = "<group>"; };
		84B5DDAB1B6D294D008B7754 /* windmills10.png */ = {isa = PBXFileReference; lastKnownFileType = image.png; path = windmills10.png; sourceTree = "<group>"; };
		84B5DDAC1B6D294D008B7754 /* windmills11.png */ = {isa = PBXFileReference; lastKnownFileType = image.png; path = windmills11.png; sourceTree = "<group>"; };
		84B5DDAD1B6D294D008B7754 /* windmills12.png */ = {isa = PBXFileReference; lastKnownFileType = image.png; path = windmills12.png; sourceTree = "<group>"; };
		84B5DDAE1B6D294D008B7754 /* windmills13.png */ = {isa = PBXFileReference; lastKnownFileType = image.png; path = windmills13.png; sourceTree = "<group>"; };
		84B5DDAF1B6D294D008B7754 /* windmills14.png */ = {isa = PBXFileReference; lastKnownFileType = image.png; path = windmills14.png; sourceTree = "<group>"; };
		84B5DDB01B6D294D008B7754 /* windmills15.png */ = {isa = PBXFileReference; lastKnownFileType = image.png; path = windmills15.png; sourceTree = "<group>"; };
		84B5DDB11B6D294D008B7754 /* windmills16.png */ = {isa = PBXFileReference; lastKnownFileType = image.png; path = windmills16.png; sourceTree = "<group>"; };
		84B5DDB21B6D294D008B7754 /* windmills17.png */ = {isa = PBXFileReference; lastKnownFileType = image.png; path = windmills17.png; sourceTree = "<group>"; };
		84B5DDBB1B6D2964008B7754 /* dutchLady0.png */ = {isa = PBXFileReference; lastKnownFileType = image.png; path = dutchLady0.png; sourceTree = "<group>"; };
		84B5DDBC1B6D2964008B7754 /* dutchLady1.png */ = {isa = PBXFileReference; lastKnownFileType = image.png; path = dutchLady1.png; sourceTree = "<group>"; };
		84B5DDBD1B6D2964008B7754 /* dutchLady2.png */ = {isa = PBXFileReference; lastKnownFileType = image.png; path = dutchLady2.png; sourceTree = "<group>"; };
		84B5DDBE1B6D2964008B7754 /* dutchLady3.png */ = {isa = PBXFileReference; lastKnownFileType = image.png; path = dutchLady3.png; sourceTree = "<group>"; };
		84B5DDBF1B6D2964008B7754 /* dutchLady4.png */ = {isa = PBXFileReference; lastKnownFileType = image.png; path = dutchLady4.png; sourceTree = "<group>"; };
		84B5DDC01B6D2964008B7754 /* dutchLady5.png */ = {isa = PBXFileReference; lastKnownFileType = image.png; path = dutchLady5.png; sourceTree = "<group>"; };
		84B5DDC11B6D2964008B7754 /* dutchLady6.png */ = {isa = PBXFileReference; lastKnownFileType = image.png; path = dutchLady6.png; sourceTree = "<group>"; };
		84B5DDC21B6D2964008B7754 /* dutchLady7.png */ = {isa = PBXFileReference; lastKnownFileType = image.png; path = dutchLady7.png; sourceTree = "<group>"; };
		84B5DDCB1B6D34E4008B7754 /* dutchLady10.png */ = {isa = PBXFileReference; lastKnownFileType = image.png; path = dutchLady10.png; sourceTree = "<group>"; };
		84B5DDCC1B6D34E4008B7754 /* dutchLady11.png */ = {isa = PBXFileReference; lastKnownFileType = image.png; path = dutchLady11.png; sourceTree = "<group>"; };
		84B5DDCD1B6D34E4008B7754 /* dutchLady12.png */ = {isa = PBXFileReference; lastKnownFileType = image.png; path = dutchLady12.png; sourceTree = "<group>"; };
		84B5DDCE1B6D34E4008B7754 /* dutchLady13.png */ = {isa = PBXFileReference; lastKnownFileType = image.png; path = dutchLady13.png; sourceTree = "<group>"; };
		84B5DDCF1B6D34E4008B7754 /* dutchLady14.png */ = {isa = PBXFileReference; lastKnownFileType = image.png; path = dutchLady14.png; sourceTree = "<group>"; };
		84B5DDD01B6D34E4008B7754 /* dutchLady15.png */ = {isa = PBXFileReference; lastKnownFileType = image.png; path = dutchLady15.png; sourceTree = "<group>"; };
		84B5DDD11B6D34E4008B7754 /* dutchLady16.png */ = {isa = PBXFileReference; lastKnownFileType = image.png; path = dutchLady16.png; sourceTree = "<group>"; };
		84B5DDD21B6D34E4008B7754 /* dutchLady17.png */ = {isa = PBXFileReference; lastKnownFileType = image.png; path = dutchLady17.png; sourceTree = "<group>"; };
		84B5DDDB1B6D4D90008B7754 /* createCloudBlack.png */ = {isa = PBXFileReference; lastKnownFileType = image.png; path = createCloudBlack.png; sourceTree = "<group>"; };
		84B5DDDC1B6D4D90008B7754 /* createCloudWhite.png */ = {isa = PBXFileReference; lastKnownFileType = image.png; path = createCloudWhite.png; sourceTree = "<group>"; };
		84B5DDDF1B6D5178008B7754 /* createCloudSuperBlack.png */ = {isa = PBXFileReference; lastKnownFileType = image.png; path = createCloudSuperBlack.png; sourceTree = "<group>"; };
		84B5DDE31B6D588F008B7754 /* dutchLadySound0.mp3 */ = {isa = PBXFileReference; lastKnownFileType = audio.mp3; path = dutchLadySound0.mp3; sourceTree = "<group>"; };
		84B5DDE41B6D588F008B7754 /* dutchLadySound1.mp3 */ = {isa = PBXFileReference; lastKnownFileType = audio.mp3; path = dutchLadySound1.mp3; sourceTree = "<group>"; };
		84B5DDE51B6D588F008B7754 /* dutchLadySound2.mp3 */ = {isa = PBXFileReference; lastKnownFileType = audio.mp3; path = dutchLadySound2.mp3; sourceTree = "<group>"; };
		84B5DDE61B6D588F008B7754 /* dutchLadySound3.mp3 */ = {isa = PBXFileReference; lastKnownFileType = audio.mp3; path = dutchLadySound3.mp3; sourceTree = "<group>"; };
		84B5DDE71B6D588F008B7754 /* dutchLadySoundWalking.mp3 */ = {isa = PBXFileReference; lastKnownFileType = audio.mp3; path = dutchLadySoundWalking.mp3; sourceTree = "<group>"; };
		84B5DDED1B6D58EC008B7754 /* dutchLadySound4.mp3 */ = {isa = PBXFileReference; lastKnownFileType = audio.mp3; path = dutchLadySound4.mp3; sourceTree = "<group>"; };
/* End PBXFileReference section */

/* Begin PBXFrameworksBuildPhase section */
		848E2E441B6C19200085A381 /* Frameworks */ = {
			isa = PBXFrameworksBuildPhase;
			buildActionMask = 2147483647;
			files = (
				848E2E801B6C22230085A381 /* AVFoundation.framework in Frameworks */,
			);
			runOnlyForDeploymentPostprocessing = 0;
		};
		848E2E5D1B6C19200085A381 /* Frameworks */ = {
			isa = PBXFrameworksBuildPhase;
			buildActionMask = 2147483647;
			files = (
			);
			runOnlyForDeploymentPostprocessing = 0;
		};
/* End PBXFrameworksBuildPhase section */

/* Begin PBXGroup section */
		8464B28E1B6C2F72003C54FF /* DutchLadyFileItem */ = {
			isa = PBXGroup;
			children = (
				84B5DDED1B6D58EC008B7754 /* dutchLadySound4.mp3 */,
				84B5DDE31B6D588F008B7754 /* dutchLadySound0.mp3 */,
				84B5DDE41B6D588F008B7754 /* dutchLadySound1.mp3 */,
				84B5DDE51B6D588F008B7754 /* dutchLadySound2.mp3 */,
				84B5DDE61B6D588F008B7754 /* dutchLadySound3.mp3 */,
				84B5DDE71B6D588F008B7754 /* dutchLadySoundWalking.mp3 */,
				84B5DDCB1B6D34E4008B7754 /* dutchLady10.png */,
				84B5DDCC1B6D34E4008B7754 /* dutchLady11.png */,
				84B5DDCD1B6D34E4008B7754 /* dutchLady12.png */,
				84B5DDCE1B6D34E4008B7754 /* dutchLady13.png */,
				84B5DDCF1B6D34E4008B7754 /* dutchLady14.png */,
				84B5DDD01B6D34E4008B7754 /* dutchLady15.png */,
				84B5DDD11B6D34E4008B7754 /* dutchLady16.png */,
				84B5DDD21B6D34E4008B7754 /* dutchLady17.png */,
				84B5DDBB1B6D2964008B7754 /* dutchLady0.png */,
				84B5DDBC1B6D2964008B7754 /* dutchLady1.png */,
				84B5DDBD1B6D2964008B7754 /* dutchLady2.png */,
				84B5DDBE1B6D2964008B7754 /* dutchLady3.png */,
				84B5DDBF1B6D2964008B7754 /* dutchLady4.png */,
				84B5DDC01B6D2964008B7754 /* dutchLady5.png */,
				84B5DDC11B6D2964008B7754 /* dutchLady6.png */,
				84B5DDC21B6D2964008B7754 /* dutchLady7.png */,
			);
			name = DutchLadyFileItem;
			sourceTree = "<group>";
		};
		848E2E3E1B6C19200085A381 = {
			isa = PBXGroup;
			children = (
				848E2E7F1B6C22230085A381 /* AVFoundation.framework */,
				848E2E491B6C19200085A381 /* CodeCamp1.TaTruhoada */,
				848E2E631B6C19200085A381 /* CodeCamp1.TaTruhoadaTests */,
				848E2E481B6C19200085A381 /* Products */,
			);
			sourceTree = "<group>";
		};
		848E2E481B6C19200085A381 /* Products */ = {
			isa = PBXGroup;
			children = (
				848E2E471B6C19200085A381 /* CodeCamp1.TaTruhoada.app */,
				848E2E601B6C19200085A381 /* CodeCamp1.TaTruhoadaTests.xctest */,
			);
			name = Products;
			sourceTree = "<group>";
		};
		848E2E491B6C19200085A381 /* CodeCamp1.TaTruhoada */ = {
			isa = PBXGroup;
			children = (
				848E2E4E1B6C19200085A381 /* AppDelegate.h */,
				848E2E4F1B6C19200085A381 /* AppDelegate.m */,
				848E2E511B6C19200085A381 /* ViewController.h */,
				848E2E521B6C19200085A381 /* ViewController.m */,
				848E2E541B6C19200085A381 /* Main.storyboard */,
				84B5773F1B6CC29A004ED88A /* BackGroundImage */,
				84B5DD5C1B6D0B2D008B7754 /* Sun Items */,
				84B5772C1B6CB18B004ED88A /* CloudItem */,
				848E2E701B6C19420085A381 /* CowEatGrassItem */,
				848E2E811B6C273C0085A381 /* WindmillsItem */,
				8464B28E1B6C2F72003C54FF /* DutchLadyFileItem */,
				848E2E571B6C19200085A381 /* Images.xcassets */,
				848E2E591B6C19200085A381 /* LaunchScreen.xib */,
				848E2E4A1B6C19200085A381 /* Supporting Files */,
			);
			path = CodeCamp1.TaTruhoada;
			sourceTree = "<group>";
		};
		848E2E4A1B6C19200085A381 /* Supporting Files */ = {
			isa = PBXGroup;
			children = (
				848E2E4B1B6C19200085A381 /* Info.plist */,
				848E2E4C1B6C19200085A381 /* main.m */,
			);
			name = "Supporting Files";
			sourceTree = "<group>";
		};
		848E2E631B6C19200085A381 /* CodeCamp1.TaTruhoadaTests */ = {
			isa = PBXGroup;
			children = (
				848E2E661B6C19200085A381 /* CodeCamp1_TaTruhoadaTests.m */,
				848E2E641B6C19200085A381 /* Supporting Files */,
			);
			path = CodeCamp1.TaTruhoadaTests;
			sourceTree = "<group>";
		};
		848E2E641B6C19200085A381 /* Supporting Files */ = {
			isa = PBXGroup;
			children = (
				848E2E651B6C19200085A381 /* Info.plist */,
			);
			name = "Supporting Files";
			sourceTree = "<group>";
		};
		848E2E701B6C19420085A381 /* CowEatGrassItem */ = {
			isa = PBXGroup;
			children = (
				848E2E7D1B6C21650085A381 /* cowAudio.mp3 */,
				848E2E711B6C19640085A381 /* cow0.png */,
				848E2E721B6C19640085A381 /* cow1.png */,
				848E2E731B6C19640085A381 /* cow2.png */,
				848E2E741B6C19640085A381 /* cow3.png */,
				848E2E751B6C19640085A381 /* cow4.png */,
				848E2E761B6C19640085A381 /* cow5.png */,
			);
			name = CowEatGrassItem;
			sourceTree = "<group>";
		};
		848E2E811B6C273C0085A381 /* WindmillsItem */ = {
			isa = PBXGroup;
			children = (
				84B5DDAB1B6D294D008B7754 /* windmills10.png */,
				84B5DDAC1B6D294D008B7754 /* windmills11.png */,
				84B5DDAD1B6D294D008B7754 /* windmills12.png */,
				84B5DDAE1B6D294D008B7754 /* windmills13.png */,
				84B5DDAF1B6D294D008B7754 /* windmills14.png */,
				84B5DDB01B6D294D008B7754 /* windmills15.png */,
				84B5DDB11B6D294D008B7754 /* windmills16.png */,
				84B5DDB21B6D294D008B7754 /* windmills17.png */,
				84B5DD9B1B6D292C008B7754 /* windmillsbig0.png */,
				84B5DD9C1B6D292C008B7754 /* windmillsbig1.png */,
				84B5DD9D1B6D292C008B7754 /* windmillsbig2.png */,
				84B5DD9E1B6D292C008B7754 /* windmillsbig3.png */,
				84B5DD9F1B6D292C008B7754 /* windmillsbig4.png */,
				84B5DDA01B6D292C008B7754 /* windmillsbig5.png */,
				84B5DDA11B6D292C008B7754 /* windmillsbig6.png */,
				84B5DDA21B6D292C008B7754 /* windmillsbig7.png */,
			);
			name = WindmillsItem;
			sourceTree = "<group>";
		};
		84B5772C1B6CB18B004ED88A /* CloudItem */ = {
			isa = PBXGroup;
			children = (
				84B5DDDF1B6D5178008B7754 /* createCloudSuperBlack.png */,
				84B5DDDB1B6D4D90008B7754 /* createCloudBlack.png */,
				84B5DDDC1B6D4D90008B7754 /* createCloudWhite.png */,
				84B5DD991B6D28F5008B7754 /* createCloud.png */,
			);
			name = CloudItem;
			sourceTree = "<group>";
		};
		84B5773F1B6CC29A004ED88A /* BackGroundImage */ = {
			isa = PBXGroup;
			children = (
				8402B8FC1B6DBA100034E11C /* grassland1.jpg */,
			);
			name = BackGroundImage;
			sourceTree = "<group>";
		};
		84B5DD5C1B6D0B2D008B7754 /* Sun Items */ = {
			isa = PBXGroup;
			children = (
				84B5DD891B6D28E4008B7754 /* sun0.png */,
				84B5DD8A1B6D28E4008B7754 /* sun1.png */,
				84B5DD8B1B6D28E4008B7754 /* sun2.png */,
				84B5DD8C1B6D28E4008B7754 /* sun3.png */,
				84B5DD8D1B6D28E4008B7754 /* sun4.png */,
				84B5DD8E1B6D28E4008B7754 /* sun5.png */,
				84B5DD8F1B6D28E4008B7754 /* sun6.png */,
				84B5DD901B6D28E4008B7754 /* sun7.png */,
			);
			name = "Sun Items";
			sourceTree = "<group>";
		};
/* End PBXGroup section */

/* Begin PBXNativeTarget section */
		848E2E461B6C19200085A381 /* CodeCamp1.TaTruhoada */ = {
			isa = PBXNativeTarget;
			buildConfigurationList = 848E2E6A1B6C19200085A381 /* Build configuration list for PBXNativeTarget "CodeCamp1.TaTruhoada" */;
			buildPhases = (
				848E2E431B6C19200085A381 /* Sources */,
				848E2E441B6C19200085A381 /* Frameworks */,
				848E2E451B6C19200085A381 /* Resources */,
			);
			buildRules = (
			);
			dependencies = (
			);
			name = CodeCamp1.TaTruhoada;
			productName = CodeCamp1.TaTruhoada;
			productReference = 848E2E471B6C19200085A381 /* CodeCamp1.TaTruhoada.app */;
			productType = "com.apple.product-type.application";
		};
		848E2E5F1B6C19200085A381 /* CodeCamp1.TaTruhoadaTests */ = {
			isa = PBXNativeTarget;
			buildConfigurationList = 848E2E6D1B6C19200085A381 /* Build configuration list for PBXNativeTarget "CodeCamp1.TaTruhoadaTests" */;
			buildPhases = (
				848E2E5C1B6C19200085A381 /* Sources */,
				848E2E5D1B6C19200085A381 /* Frameworks */,
				848E2E5E1B6C19200085A381 /* Resources */,
			);
			buildRules = (
			);
			dependencies = (
				848E2E621B6C19200085A381 /* PBXTargetDependency */,
			);
			name = CodeCamp1.TaTruhoadaTests;
			productName = CodeCamp1.TaTruhoadaTests;
			productReference = 848E2E601B6C19200085A381 /* CodeCamp1.TaTruhoadaTests.xctest */;
			productType = "com.apple.product-type.bundle.unit-test";
		};
/* End PBXNativeTarget section */

/* Begin PBXProject section */
		848E2E3F1B6C19200085A381 /* Project object */ = {
			isa = PBXProject;
			attributes = {
				LastUpgradeCheck = 0640;
				ORGANIZATIONNAME = hoangdangtrung;
				TargetAttributes = {
					848E2E461B6C19200085A381 = {
						CreatedOnToolsVersion = 6.4;
					};
					848E2E5F1B6C19200085A381 = {
						CreatedOnToolsVersion = 6.4;
						TestTargetID = 848E2E461B6C19200085A381;
					};
				};
			};
			buildConfigurationList = 848E2E421B6C19200085A381 /* Build configuration list for PBXProject "CodeCamp1.TaTruhoada" */;
			compatibilityVersion = "Xcode 3.2";
			developmentRegion = English;
			hasScannedForEncodings = 0;
			knownRegions = (
				en,
				Base,
			);
			mainGroup = 848E2E3E1B6C19200085A381;
			productRefGroup = 848E2E481B6C19200085A381 /* Products */;
			projectDirPath = "";
			projectRoot = "";
			targets = (
				848E2E461B6C19200085A381 /* CodeCamp1.TaTruhoada */,
				848E2E5F1B6C19200085A381 /* CodeCamp1.TaTruhoadaTests */,
			);
		};
/* End PBXProject section */

/* Begin PBXResourcesBuildPhase section */
		848E2E451B6C19200085A381 /* Resources */ = {
			isa = PBXResourcesBuildPhase;
			buildActionMask = 2147483647;
			files = (
				848E2E7B1B6C19640085A381 /* cow4.png in Resources */,
				84B5DDC51B6D2964008B7754 /* dutchLady2.png in Resources */,
				84B5DDA51B6D292C008B7754 /* windmillsbig2.png in Resources */,
				84B5DDD31B6D34E4008B7754 /* dutchLady10.png in Resources */,
				84B5DDB41B6D294D008B7754 /* windmills11.png in Resources */,
				84B5DDDD1B6D4D90008B7754 /* createCloudBlack.png in Resources */,
				848E2E771B6C19640085A381 /* cow0.png in Resources */,
				84B5DDA31B6D292C008B7754 /* windmillsbig0.png in Resources */,
				84B5DDC61B6D2964008B7754 /* dutchLady3.png in Resources */,
				84B5DDB81B6D294D008B7754 /* windmills15.png in Resources */,
				848E2E7C1B6C19640085A381 /* cow5.png in Resources */,
				84B5DDE81B6D588F008B7754 /* dutchLadySound0.mp3 in Resources */,
				84B5DDEB1B6D588F008B7754 /* dutchLadySound3.mp3 in Resources */,
				84B5DDA41B6D292C008B7754 /* windmillsbig1.png in Resources */,
				84B5DDA71B6D292C008B7754 /* windmillsbig4.png in Resources */,
				8402B8FD1B6DBA100034E11C /* grassland1.jpg in Resources */,
				84B5DDCA1B6D2964008B7754 /* dutchLady7.png in Resources */,
				84B5DD941B6D28E4008B7754 /* sun3.png in Resources */,
				84B5DD921B6D28E4008B7754 /* sun1.png in Resources */,
				84B5DD931B6D28E4008B7754 /* sun2.png in Resources */,
				84B5DDD51B6D34E4008B7754 /* dutchLady12.png in Resources */,
				84B5DDC81B6D2964008B7754 /* dutchLady5.png in Resources */,
				848E2E7A1B6C19640085A381 /* cow3.png in Resources */,
				84B5DDEA1B6D588F008B7754 /* dutchLadySound2.mp3 in Resources */,
				848E2E781B6C19640085A381 /* cow1.png in Resources */,
				848E2E791B6C19640085A381 /* cow2.png in Resources */,
				84B5DDB51B6D294D008B7754 /* windmills12.png in Resources */,
				84B5DDE01B6D5178008B7754 /* createCloudSuperBlack.png in Resources */,
				848E2E561B6C19200085A381 /* Main.storyboard in Resources */,
				848E2E7E1B6C21650085A381 /* cowAudio.mp3 in Resources */,
				84B5DD971B6D28E4008B7754 /* sun6.png in Resources */,
				84B5DDC71B6D2964008B7754 /* dutchLady4.png in Resources */,
				84B5DDBA1B6D294D008B7754 /* windmills17.png in Resources */,
				84B5DDA81B6D292C008B7754 /* windmillsbig5.png in Resources */,
				84B5DDEE1B6D58EC008B7754 /* dutchLadySound4.mp3 in Resources */,
				84B5DD951B6D28E4008B7754 /* sun4.png in Resources */,
				84B5DDDE1B6D4D90008B7754 /* createCloudWhite.png in Resources */,
				84B5DDB91B6D294D008B7754 /* windmills16.png in Resources */,
				84B5DD911B6D28E4008B7754 /* sun0.png in Resources */,
				84B5DDAA1B6D292C008B7754 /* windmillsbig7.png in Resources */,
				848E2E5B1B6C19200085A381 /* LaunchScreen.xib in Resources */,
				84B5DDE91B6D588F008B7754 /* dutchLadySound1.mp3 in Resources */,
				84B5DDDA1B6D34E4008B7754 /* dutchLady17.png in Resources */,
				84B5DDA91B6D292C008B7754 /* windmillsbig6.png in Resources */,
				848E2E581B6C19200085A381 /* Images.xcassets in Resources */,
				84B5DDEC1B6D588F008B7754 /* dutchLadySoundWalking.mp3 in Resources */,
				84B5DDA61B6D292C008B7754 /* windmillsbig3.png in Resources */,
				84B5DDB71B6D294D008B7754 /* windmills14.png in Resources */,
				84B5DDB61B6D294D008B7754 /* windmills13.png in Resources */,
				84B5DD9A1B6D28F5008B7754 /* createCloud.png in Resources */,
				84B5DDC91B6D2964008B7754 /* dutchLady6.png in Resources */,
				84B5DDC41B6D2964008B7754 /* dutchLady1.png in Resources */,
				84B5DD961B6D28E4008B7754 /* sun5.png in Resources */,
				84B5DDD41B6D34E4008B7754 /* dutchLady11.png in Resources */,
				84B5DDD81B6D34E4008B7754 /* dutchLady15.png in Resources */,
				84B5DDD61B6D34E4008B7754 /* dutchLady13.png in Resources */,
				84B5DDD71B6D34E4008B7754 /* dutchLady14.png in Resources */,
				84B5DDD91B6D34E4008B7754 /* dutchLady16.png in Resources */,
				84B5DD981B6D28E4008B7754 /* sun7.png in Resources */,
				84B5DDB31B6D294D008B7754 /* windmills10.png in Resources */,
				84B5DDC31B6D2964008B7754 /* dutchLady0.png in Resources */,
			);
			runOnlyForDeploymentPostprocessing = 0;
		};
		848E2E5E1B6C19200085A381 /* Resources */ = {
			isa = PBXResourcesBuildPhase;
			buildActionMask = 2147483647;
			files = (
			);
			runOnlyForDeploymentPostprocessing = 0;
		};
/* End PBXResourcesBuildPhase section */

/* Begin PBXSourcesBuildPhase section */
		848E2E431B6C19200085A381 /* Sources */ = {
			isa = PBXSourcesBuildPhase;
			buildActionMask = 2147483647;
			files = (
				848E2E531B6C19200085A381 /* ViewController.m in Sources */,
				848E2E501B6C19200085A381 /* AppDelegate.m in Sources */,
				848E2E4D1B6C19200085A381 /* main.m in Sources */,
			);
			runOnlyForDeploymentPostprocessing = 0;
		};
		848E2E5C1B6C19200085A381 /* Sources */ = {
			isa = PBXSourcesBuildPhase;
			buildActionMask = 2147483647;
			files = (
				848E2E671B6C19200085A381 /* CodeCamp1_TaTruhoadaTests.m in Sources */,
			);
			runOnlyForDeploymentPostprocessing = 0;
		};
/* End PBXSourcesBuildPhase section */

/* Begin PBXTargetDependency section */
		848E2E621B6C19200085A381 /* PBXTargetDependency */ = {
			isa = PBXTargetDependency;
			target = 848E2E461B6C19200085A381 /* CodeCamp1.TaTruhoada */;
			targetProxy = 848E2E611B6C19200085A381 /* PBXContainerItemProxy */;
		};
/* End PBXTargetDependency section */

/* Begin PBXVariantGroup section */
		848E2E541B6C19200085A381 /* Main.storyboard */ = {
			isa = PBXVariantGroup;
			children = (
				848E2E551B6C19200085A381 /* Base */,
			);
			name = Main.storyboard;
			sourceTree = "<group>";
		};
		848E2E591B6C19200085A381 /* LaunchScreen.xib */ = {
			isa = PBXVariantGroup;
			children = (
				848E2E5A1B6C19200085A381 /* Base */,
			);
			name = LaunchScreen.xib;
			sourceTree = "<group>";
		};
/* End PBXVariantGroup section */

/* Begin XCBuildConfiguration section */
		848E2E681B6C19200085A381 /* Debug */ = {
			isa = XCBuildConfiguration;
			buildSettings = {
				ALWAYS_SEARCH_USER_PATHS = NO;
				CLANG_CXX_LANGUAGE_STANDARD = "gnu++0x";
				CLANG_CXX_LIBRARY = "libc++";
				CLANG_ENABLE_MODULES = YES;
				CLANG_ENABLE_OBJC_ARC = YES;
				CLANG_WARN_BOOL_CONVERSION = YES;
				CLANG_WARN_CONSTANT_CONVERSION = YES;
				CLANG_WARN_DIRECT_OBJC_ISA_USAGE = YES_ERROR;
				CLANG_WARN_EMPTY_BODY = YES;
				CLANG_WARN_ENUM_CONVERSION = YES;
				CLANG_WARN_INT_CONVERSION = YES;
				CLANG_WARN_OBJC_ROOT_CLASS = YES_ERROR;
				CLANG_WARN_UNREACHABLE_CODE = YES;
				CLANG_WARN__DUPLICATE_METHOD_MATCH = YES;
				"CODE_SIGN_IDENTITY[sdk=iphoneos*]" = "iPhone Developer";
				COPY_PHASE_STRIP = NO;
				DEBUG_INFORMATION_FORMAT = "dwarf-with-dsym";
				ENABLE_STRICT_OBJC_MSGSEND = YES;
				GCC_C_LANGUAGE_STANDARD = gnu99;
				GCC_DYNAMIC_NO_PIC = NO;
				GCC_NO_COMMON_BLOCKS = YES;
				GCC_OPTIMIZATION_LEVEL = 0;
				GCC_PREPROCESSOR_DEFINITIONS = (
					"DEBUG=1",
					"$(inherited)",
				);
				GCC_SYMBOLS_PRIVATE_EXTERN = NO;
				GCC_WARN_64_TO_32_BIT_CONVERSION = YES;
				GCC_WARN_ABOUT_RETURN_TYPE = YES_ERROR;
				GCC_WARN_UNDECLARED_SELECTOR = YES;
				GCC_WARN_UNINITIALIZED_AUTOS = YES_AGGRESSIVE;
				GCC_WARN_UNUSED_FUNCTION = YES;
				GCC_WARN_UNUSED_VARIABLE = YES;
				IPHONEOS_DEPLOYMENT_TARGET = 8.4;
				MTL_ENABLE_DEBUG_INFO = YES;
				ONLY_ACTIVE_ARCH = YES;
				SDKROOT = iphoneos;
			};
			name = Debug;
		};
		848E2E691B6C19200085A381 /* Release */ = {
			isa = XCBuildConfiguration;
			buildSettings = {
				ALWAYS_SEARCH_USER_PATHS = NO;
				CLANG_CXX_LANGUAGE_STANDARD = "gnu++0x";
				CLANG_CXX_LIBRARY = "libc++";
				CLANG_ENABLE_MODULES = YES;
				CLANG_ENABLE_OBJC_ARC = YES;
				CLANG_WARN_BOOL_CONVERSION = YES;
				CLANG_WARN_CONSTANT_CONVERSION = YES;
				CLANG_WARN_DIRECT_OBJC_ISA_USAGE = YES_ERROR;
				CLANG_WARN_EMPTY_BODY = YES;
				CLANG_WARN_ENUM_CONVERSION = YES;
				CLANG_WARN_INT_CONVERSION = YES;
				CLANG_WARN_OBJC_ROOT_CLASS = YES_ERROR;
				CLANG_WARN_UNREACHABLE_CODE = YES;
				CLANG_WARN__DUPLICATE_METHOD_MATCH = YES;
				"CODE_SIGN_IDENTITY[sdk=iphoneos*]" = "iPhone Developer";
				COPY_PHASE_STRIP = NO;
				DEBUG_INFORMATION_FORMAT = "dwarf-with-dsym";
				ENABLE_NS_ASSERTIONS = NO;
				ENABLE_STRICT_OBJC_MSGSEND = YES;
				GCC_C_LANGUAGE_STANDARD = gnu99;
				GCC_NO_COMMON_BLOCKS = YES;
				GCC_WARN_64_TO_32_BIT_CONVERSION = YES;
				GCC_WARN_ABOUT_RETURN_TYPE = YES_ERROR;
				GCC_WARN_UNDECLARED_SELECTOR = YES;
				GCC_WARN_UNINITIALIZED_AUTOS = YES_AGGRESSIVE;
				GCC_WARN_UNUSED_FUNCTION = YES;
				GCC_WARN_UNUSED_VARIABLE = YES;
				IPHONEOS_DEPLOYMENT_TARGET = 8.4;
				MTL_ENABLE_DEBUG_INFO = NO;
				SDKROOT = iphoneos;
				VALIDATE_PRODUCT = YES;
			};
			name = Release;
		};
		848E2E6B1B6C19200085A381 /* Debug */ = {
			isa = XCBuildConfiguration;
			buildSettings = {
				ASSETCATALOG_COMPILER_APPICON_NAME = AppIcon;
				INFOPLIST_FILE = CodeCamp1.TaTruhoada/Info.plist;
				LD_RUNPATH_SEARCH_PATHS = "$(inherited) @executable_path/Frameworks";
				PRODUCT_NAME = "$(TARGET_NAME)";
			};
			name = Debug;
		};
		848E2E6C1B6C19200085A381 /* Release */ = {
			isa = XCBuildConfiguration;
			buildSettings = {
				ASSETCATALOG_COMPILER_APPICON_NAME = AppIcon;
				INFOPLIST_FILE = CodeCamp1.TaTruhoada/Info.plist;
				LD_RUNPATH_SEARCH_PATHS = "$(inherited) @executable_path/Frameworks";
				PRODUCT_NAME = "$(TARGET_NAME)";
			};
			name = Release;
		};
		848E2E6E1B6C19200085A381 /* Debug */ = {
			isa = XCBuildConfiguration;
			buildSettings = {
				BUNDLE_LOADER = "$(TEST_HOST)";
				FRAMEWORK_SEARCH_PATHS = (
					"$(SDKROOT)/Developer/Library/Frameworks",
					"$(inherited)",
				);
				GCC_PREPROCESSOR_DEFINITIONS = (
					"DEBUG=1",
					"$(inherited)",
				);
				INFOPLIST_FILE = CodeCamp1.TaTruhoadaTests/Info.plist;
				LD_RUNPATH_SEARCH_PATHS = "$(inherited) @executable_path/Frameworks @loader_path/Frameworks";
				PRODUCT_NAME = "$(TARGET_NAME)";
				TEST_HOST = "$(BUILT_PRODUCTS_DIR)/CodeCamp1.TaTruhoada.app/CodeCamp1.TaTruhoada";
			};
			name = Debug;
		};
		848E2E6F1B6C19200085A381 /* Release */ = {
			isa = XCBuildConfiguration;
			buildSettings = {
				BUNDLE_LOADER = "$(TEST_HOST)";
				FRAMEWORK_SEARCH_PATHS = (
					"$(SDKROOT)/Developer/Library/Frameworks",
					"$(inherited)",
				);
				INFOPLIST_FILE = CodeCamp1.TaTruhoadaTests/Info.plist;
				LD_RUNPATH_SEARCH_PATHS = "$(inherited) @executable_path/Frameworks @loader_path/Frameworks";
				PRODUCT_NAME = "$(TARGET_NAME)";
				TEST_HOST = "$(BUILT_PRODUCTS_DIR)/CodeCamp1.TaTruhoada.app/CodeCamp1.TaTruhoada";
			};
			name = Release;
		};
/* End XCBuildConfiguration section */

/* Begin XCConfigurationList section */
		848E2E421B6C19200085A381 /* Build configuration list for PBXProject "CodeCamp1.TaTruhoada" */ = {
			isa = XCConfigurationList;
			buildConfigurations = (
				848E2E681B6C19200085A381 /* Debug */,
				848E2E691B6C19200085A381 /* Release */,
			);
			defaultConfigurationIsVisible = 0;
			defaultConfigurationName = Release;
		};
		848E2E6A1B6C19200085A381 /* Build configuration list for PBXNativeTarget "CodeCamp1.TaTruhoada" */ = {
			isa = XCConfigurationList;
			buildConfigurations = (
				848E2E6B1B6C19200085A381 /* Debug */,
				848E2E6C1B6C19200085A381 /* Release */,
			);
			defaultConfigurationIsVisible = 0;
			defaultConfigurationName = Release;
		};
		848E2E6D1B6C19200085A381 /* Build configuration list for PBXNativeTarget "CodeCamp1.TaTruhoadaTests" */ = {
			isa = XCConfigurationList;
			buildConfigurations = (
				848E2E6E1B6C19200085A381 /* Debug */,
				848E2E6F1B6C19200085A381 /* Release */,
			);
			defaultConfigurationIsVisible = 0;
			defaultConfigurationName = Release;
		};
/* End XCConfigurationList section */
	};
	rootObject = 848E2E3F1B6C19200085A381 /* Project object */;
}
